
Microsoft Visual Studio Solution File, Format Version 12.00
# Visual Studio 15
VisualStudioVersion = 15.0.27130.2036
MinimumVisualStudioVersion = 10.0.40219.1
Project("{FAE04EC0-301F-11D3-BF4B-00C04F79EFBC}") = "MovieSearchEngineUnitTests", "MovieSearchEngineUnitTests\MovieSearchEngineUnitTests.csproj", "{8725D31C-AA40-4601-A325-F9FC50F26B21}"
EndProject
Project("{FAE04EC0-301F-11D3-BF4B-00C04F79EFBC}") = "MovieMetaEngineGUI", "MovieMetaEngineGUI\MovieMetaEngineGUI.csproj", "{98CB88E4-1DAB-4AE1-ABB5-791CD7DF724D}"
EndProject
Project("{FAE04EC0-301F-11D3-BF4B-00C04F79EFBC}") = "TestForm", "TestForm\TestForm.csproj", "{8BC20E75-2C7F-4D5D-A1AD-8AA0B2B08B8C}"
EndProject
Project("{9A19103F-16F7-4668-BE54-9A1E7A4F7556}") = "OfdbParser", "OfdbParser\OfdbParser.csproj", "{EA443AE6-3A9D-4F72-A05D-91B66730A75B}"
EndProject
Project("{9A19103F-16F7-4668-BE54-9A1E7A4F7556}") = "MovieSearchEngine", "MovieSearchEngine\MovieSearchEngine.csproj", "{923CE7AD-97EE-46F1-A402-B550BC5D59BC}"
EndProject
Project("{2150E333-8FDC-42A3-9474-1A3956D46DE8}") = "Solution Items", "Solution Items", "{FC939BF9-70F9-4636-9364-00B81C875AA8}"
	ProjectSection(SolutionItems) = preProject
		appveyor.yml = appveyor.yml
		README.md = README.md
	EndProjectSection
EndProject
Global
	GlobalSection(SolutionConfigurationPlatforms) = preSolution
		Debug|Any CPU = Debug|Any CPU
		Release|Any CPU = Release|Any CPU
	EndGlobalSection
	GlobalSection(ProjectConfigurationPlatforms) = postSolution
		{8725D31C-AA40-4601-A325-F9FC50F26B21}.Debug|Any CPU.ActiveCfg = Debug|Any CPU
		{8725D31C-AA40-4601-A325-F9FC50F26B21}.Debug|Any CPU.Build.0 = Debug|Any CPU
		{8725D31C-AA40-4601-A325-F9FC50F26B21}.Release|Any CPU.ActiveCfg = Release|Any CPU
		{8725D31C-AA40-4601-A325-F9FC50F26B21}.Release|Any CPU.Build.0 = Release|Any CPU
		{98CB88E4-1DAB-4AE1-ABB5-791CD7DF724D}.Debug|Any CPU.ActiveCfg = Debug|Any CPU
		{98CB88E4-1DAB-4AE1-ABB5-791CD7DF724D}.Debug|Any CPU.Build.0 = Debug|Any CPU
		{98CB88E4-1DAB-4AE1-ABB5-791CD7DF724D}.Release|Any CPU.ActiveCfg = Release|Any CPU
		{98CB88E4-1DAB-4AE1-ABB5-791CD7DF724D}.Release|Any CPU.Build.0 = Release|Any CPU
		{8BC20E75-2C7F-4D5D-A1AD-8AA0B2B08B8C}.Debug|Any CPU.ActiveCfg = Debug|Any CPU
		{8BC20E75-2C7F-4D5D-A1AD-8AA0B2B08B8C}.Debug|Any CPU.Build.0 = Debug|Any CPU
		{8BC20E75-2C7F-4D5D-A1AD-8AA0B2B08B8C}.Release|Any CPU.ActiveCfg = Release|Any CPU
		{8BC20E75-2C7F-4D5D-A1AD-8AA0B2B08B8C}.Release|Any CPU.Build.0 = Release|Any CPU
		{EA443AE6-3A9D-4F72-A05D-91B66730A75B}.Debug|Any CPU.ActiveCfg = Debug|Any CPU
		{EA443AE6-3A9D-4F72-A05D-91B66730A75B}.Debug|Any CPU.Build.0 = Debug|Any CPU
		{EA443AE6-3A9D-4F72-A05D-91B66730A75B}.Release|Any CPU.ActiveCfg = Release|Any CPU
		{EA443AE6-3A9D-4F72-A05D-91B66730A75B}.Release|Any CPU.Build.0 = Release|Any CPU
		{923CE7AD-97EE-46F1-A402-B550BC5D59BC}.Debug|Any CPU.ActiveCfg = Debug|Any CPU
		{923CE7AD-97EE-46F1-A402-B550BC5D59BC}.Debug|Any CPU.Build.0 = Debug|Any CPU
		{923CE7AD-97EE-46F1-A402-B550BC5D59BC}.Release|Any CPU.ActiveCfg = Release|Any CPU
		{923CE7AD-97EE-46F1-A402-B550BC5D59BC}.Release|Any CPU.Build.0 = Release|Any CPU
	EndGlobalSection
	GlobalSection(SolutionProperties) = preSolution
		HideSolutionNode = FALSE
	EndGlobalSection
	GlobalSection(ExtensibilityGlobals) = postSolution
		SolutionGuid = {89EF4587-8587-48E1-A1CF-B652224C8CC8}
	EndGlobalSection
EndGlobal
